
Microsoft Visual Studio Solution File, Format Version 12.00
# Visual Studio 15
VisualStudioVersion = 15.0.28307.168
MinimumVisualStudioVersion = 10.0.40219.1
Project("{FAE04EC0-301F-11D3-BF4B-00C04F79EFBC}") = "WX.Three.Api", "WX.Three.Api\WX.Three.Api.csproj", "{C4D71B96-E7B5-4BB3-BD4A-8BF376CEF4AB}"
EndProject
Project("{FAE04EC0-301F-11D3-BF4B-00C04F79EFBC}") = "WX.Three.Common", "WX.Three.Common\WX.Three.Common.csproj", "{C487FD2E-A6DE-4C6D-96C0-039F0C66D375}"
EndProject
Project("{FAE04EC0-301F-11D3-BF4B-00C04F79EFBC}") = "WX.Three.Cache", "WX.Three.Cache\WX.Three.Cache.csproj", "{D3812AAC-EA73-4D53-872A-12D16A5B5B68}"
EndProject
Project("{FAE04EC0-301F-11D3-BF4B-00C04F79EFBC}") = "WX.Three.Model", "WX.Three.Model\WX.Three.Model.csproj", "{C461EA40-D9DA-4247-97AB-E8208532BD8E}"
EndProject
Project("{FAE04EC0-301F-11D3-BF4B-00C04F79EFBC}") = "WX.Three.IRepository", "WX.Three.IRepository\WX.Three.IRepository.csproj", "{BAA604E5-3CEB-4683-B8F0-A4DCE206CFEA}"
EndProject
Project("{FAE04EC0-301F-11D3-BF4B-00C04F79EFBC}") = "WX.Three.Repository", "WX.Three.Repository\WX.Three.Repository.csproj", "{910422ED-1C41-4A01-87C8-A02B7DB4FFD6}"
EndProject
Global
	GlobalSection(SolutionConfigurationPlatforms) = preSolution
		Debug|Any CPU = Debug|Any CPU
		Release|Any CPU = Release|Any CPU
	EndGlobalSection
	GlobalSection(ProjectConfigurationPlatforms) = postSolution
		{C4D71B96-E7B5-4BB3-BD4A-8BF376CEF4AB}.Debug|Any CPU.ActiveCfg = Debug|Any CPU
		{C4D71B96-E7B5-4BB3-BD4A-8BF376CEF4AB}.Debug|Any CPU.Build.0 = Debug|Any CPU
		{C4D71B96-E7B5-4BB3-BD4A-8BF376CEF4AB}.Release|Any CPU.ActiveCfg = Release|Any CPU
		{C4D71B96-E7B5-4BB3-BD4A-8BF376CEF4AB}.Release|Any CPU.Build.0 = Release|Any CPU
		{C487FD2E-A6DE-4C6D-96C0-039F0C66D375}.Debug|Any CPU.ActiveCfg = Debug|Any CPU
		{C487FD2E-A6DE-4C6D-96C0-039F0C66D375}.Debug|Any CPU.Build.0 = Debug|Any CPU
		{C487FD2E-A6DE-4C6D-96C0-039F0C66D375}.Release|Any CPU.ActiveCfg = Release|Any CPU
		{C487FD2E-A6DE-4C6D-96C0-039F0C66D375}.Release|Any CPU.Build.0 = Release|Any CPU
		{D3812AAC-EA73-4D53-872A-12D16A5B5B68}.Debug|Any CPU.ActiveCfg = Debug|Any CPU
		{D3812AAC-EA73-4D53-872A-12D16A5B5B68}.Debug|Any CPU.Build.0 = Debug|Any CPU
		{D3812AAC-EA73-4D53-872A-12D16A5B5B68}.Release|Any CPU.ActiveCfg = Release|Any CPU
		{D3812AAC-EA73-4D53-872A-12D16A5B5B68}.Release|Any CPU.Build.0 = Release|Any CPU
		{C461EA40-D9DA-4247-97AB-E8208532BD8E}.Debug|Any CPU.ActiveCfg = Debug|Any CPU
		{C461EA40-D9DA-4247-97AB-E8208532BD8E}.Debug|Any CPU.Build.0 = Debug|Any CPU
		{C461EA40-D9DA-4247-97AB-E8208532BD8E}.Release|Any CPU.ActiveCfg = Release|Any CPU
		{C461EA40-D9DA-4247-97AB-E8208532BD8E}.Release|Any CPU.Build.0 = Release|Any CPU
		{BAA604E5-3CEB-4683-B8F0-A4DCE206CFEA}.Debug|Any CPU.ActiveCfg = Debug|Any CPU
		{BAA604E5-3CEB-4683-B8F0-A4DCE206CFEA}.Debug|Any CPU.Build.0 = Debug|Any CPU
		{BAA604E5-3CEB-4683-B8F0-A4DCE206CFEA}.Release|Any CPU.ActiveCfg = Release|Any CPU
		{BAA604E5-3CEB-4683-B8F0-A4DCE206CFEA}.Release|Any CPU.Build.0 = Release|Any CPU
		{910422ED-1C41-4A01-87C8-A02B7DB4FFD6}.Debug|Any CPU.ActiveCfg = Debug|Any CPU
		{910422ED-1C41-4A01-87C8-A02B7DB4FFD6}.Debug|Any CPU.Build.0 = Debug|Any CPU
		{910422ED-1C41-4A01-87C8-A02B7DB4FFD6}.Release|Any CPU.ActiveCfg = Release|Any CPU
		{910422ED-1C41-4A01-87C8-A02B7DB4FFD6}.Release|Any CPU.Build.0 = Release|Any CPU
	EndGlobalSection
	GlobalSection(SolutionProperties) = preSolution
		HideSolutionNode = FALSE
	EndGlobalSection
	GlobalSection(ExtensibilityGlobals) = postSolution
		SolutionGuid = {3C04A349-6677-4D84-8822-5F96C2B5FDCC}
	EndGlobalSection
EndGlobal
